// !$*UTF8*$!
{
	archiveVersion = 1;
	classes = {
	};
	objectVersion = 56;
	objects = {

/* Begin PBXBuildFile section */
		DD9C607D2B3A371100ABF151 /* Shadertoy_ScreensaverView.swift in Sources */ = {isa = PBXBuildFile; fileRef = DD9C607C2B3A371100ABF151 /* Shadertoy_ScreensaverView.swift */; };
		DD9C60802B3A657600ABF151 /* Shadertoy_ScreensaverConfigSheet.swift in Sources */ = {isa = PBXBuildFile; fileRef = DD9C607E2B3A657600ABF151 /* Shadertoy_ScreensaverConfigSheet.swift */; };
		DD9C60812B3A657600ABF151 /* Shadertoy_ScreensaverConfigSheet.xib in Resources */ = {isa = PBXBuildFile; fileRef = DD9C607F2B3A657600ABF151 /* Shadertoy_ScreensaverConfigSheet.xib */; };
		DDB17FC32B3A799D00C8509F /* fragmentshader.glsl in Resources */ = {isa = PBXBuildFile; fileRef = DDB17FC12B3A799D00C8509F /* fragmentshader.glsl */; };
		DDB17FC42B3A799D00C8509F /* vertexshader.glsl in Resources */ = {isa = PBXBuildFile; fileRef = DDB17FC22B3A799D00C8509F /* vertexshader.glsl */; };
		DDB17FC62B3A8D4D00C8509F /* shader.json in Resources */ = {isa = PBXBuildFile; fileRef = DDB17FC52B3A8D4D00C8509F /* shader.json */; };
/* End PBXBuildFile section */

/* Begin PBXFileReference section */
		DD9C60702B3A363F00ABF151 /* Shadertoy-Screensaver.saver */ = {isa = PBXFileReference; explicitFileType = wrapper.cfbundle; includeInIndex = 0; path = "Shadertoy-Screensaver.saver"; sourceTree = BUILT_PRODUCTS_DIR; };
		DD9C607C2B3A371100ABF151 /* Shadertoy_ScreensaverView.swift */ = {isa = PBXFileReference; lastKnownFileType = sourcecode.swift; path = Shadertoy_ScreensaverView.swift; sourceTree = "<group>"; };
		DD9C607E2B3A657600ABF151 /* Shadertoy_ScreensaverConfigSheet.swift */ = {isa = PBXFileReference; lastKnownFileType = sourcecode.swift; path = Shadertoy_ScreensaverConfigSheet.swift; sourceTree = "<group>"; };
		DD9C607F2B3A657600ABF151 /* Shadertoy_ScreensaverConfigSheet.xib */ = {isa = PBXFileReference; lastKnownFileType = file.xib; path = Shadertoy_ScreensaverConfigSheet.xib; sourceTree = "<group>"; };
		DDB17FC12B3A799D00C8509F /* fragmentshader.glsl */ = {isa = PBXFileReference; fileEncoding = 4; lastKnownFileType = text; path = fragmentshader.glsl; sourceTree = "<group>"; };
		DDB17FC22B3A799D00C8509F /* vertexshader.glsl */ = {isa = PBXFileReference; fileEncoding = 4; lastKnownFileType = text; path = vertexshader.glsl; sourceTree = "<group>"; };
		DDB17FC52B3A8D4D00C8509F /* shader.json */ = {isa = PBXFileReference; fileEncoding = 4; lastKnownFileType = text.json; path = shader.json; sourceTree = "<group>"; };
/* End PBXFileReference section */

/* Begin PBXFrameworksBuildPhase section */
		DD9C606D2B3A363F00ABF151 /* Frameworks */ = {
			isa = PBXFrameworksBuildPhase;
			buildActionMask = 2147483647;
			files = (
			);
			runOnlyForDeploymentPostprocessing = 0;
		};
/* End PBXFrameworksBuildPhase section */

/* Begin PBXGroup section */
		DD9C60662B3A363F00ABF151 = {
			isa = PBXGroup;
			children = (
				DDB17FC52B3A8D4D00C8509F /* shader.json */,
				DDB17FC12B3A799D00C8509F /* fragmentshader.glsl */,
				DDB17FC22B3A799D00C8509F /* vertexshader.glsl */,
				DD9C60722B3A363F00ABF151 /* Shadertoy-Screensaver */,
				DD9C60712B3A363F00ABF151 /* Products */,
			);
			sourceTree = "<group>";
		};
		DD9C60712B3A363F00ABF151 /* Products */ = {
			isa = PBXGroup;
			children = (
				DD9C60702B3A363F00ABF151 /* Shadertoy-Screensaver.saver */,
			);
			name = Products;
			sourceTree = "<group>";
		};
		DD9C60722B3A363F00ABF151 /* Shadertoy-Screensaver */ = {
			isa = PBXGroup;
			children = (
				DD9C607C2B3A371100ABF151 /* Shadertoy_ScreensaverView.swift */,
				DD9C607E2B3A657600ABF151 /* Shadertoy_ScreensaverConfigSheet.swift */,
				DD9C607F2B3A657600ABF151 /* Shadertoy_ScreensaverConfigSheet.xib */,
			);
			path = "Shadertoy-Screensaver";
			sourceTree = "<group>";
		};
/* End PBXGroup section */

/* Begin PBXHeadersBuildPhase section */
		DD9C606B2B3A363F00ABF151 /* Headers */ = {
			isa = PBXHeadersBuildPhase;
			buildActionMask = 2147483647;
			files = (
			);
			runOnlyForDeploymentPostprocessing = 0;
		};
/* End PBXHeadersBuildPhase section */

/* Begin PBXNativeTarget section */
		DD9C606F2B3A363F00ABF151 /* Shadertoy-Screensaver */ = {
			isa = PBXNativeTarget;
			buildConfigurationList = DD9C60792B3A363F00ABF151 /* Build configuration list for PBXNativeTarget "Shadertoy-Screensaver" */;
			buildPhases = (
				DD9C606B2B3A363F00ABF151 /* Headers */,
				DD9C606C2B3A363F00ABF151 /* Sources */,
				DD9C606D2B3A363F00ABF151 /* Frameworks */,
				DD9C606E2B3A363F00ABF151 /* Resources */,
			);
			buildRules = (
			);
			dependencies = (
			);
			name = "Shadertoy-Screensaver";
			productName = "Shadertoy-Screensaver";
			productReference = DD9C60702B3A363F00ABF151 /* Shadertoy-Screensaver.saver */;
			productType = "com.apple.product-type.bundle";
		};
/* End PBXNativeTarget section */

/* Begin PBXProject section */
		DD9C60672B3A363F00ABF151 /* Project object */ = {
			isa = PBXProject;
			attributes = {
				BuildIndependentTargetsInParallel = 1;
				LastUpgradeCheck = 1500;
				TargetAttributes = {
					DD9C606F2B3A363F00ABF151 = {
						CreatedOnToolsVersion = 15.0;
						LastSwiftMigration = 1500;
					};
				};
			};
			buildConfigurationList = DD9C606A2B3A363F00ABF151 /* Build configuration list for PBXProject "Shadertoy-Screensaver" */;
			compatibilityVersion = "Xcode 14.0";
			developmentRegion = en;
			hasScannedForEncodings = 0;
			knownRegions = (
				en,
				Base,
			);
			mainGroup = DD9C60662B3A363F00ABF151;
			productRefGroup = DD9C60712B3A363F00ABF151 /* Products */;
			projectDirPath = "";
			projectRoot = "";
			targets = (
				DD9C606F2B3A363F00ABF151 /* Shadertoy-Screensaver */,
			);
		};
/* End PBXProject section */

/* Begin PBXResourcesBuildPhase section */
		DD9C606E2B3A363F00ABF151 /* Resources */ = {
			isa = PBXResourcesBuildPhase;
			buildActionMask = 2147483647;
			files = (
				DDB17FC42B3A799D00C8509F /* vertexshader.glsl in Resources */,
				DDB17FC32B3A799D00C8509F /* fragmentshader.glsl in Resources */,
				DDB17FC62B3A8D4D00C8509F /* shader.json in Resources */,
				DD9C60812B3A657600ABF151 /* Shadertoy_ScreensaverConfigSheet.xib in Resources */,
			);
			runOnlyForDeploymentPostprocessing = 0;
		};
/* End PBXResourcesBuildPhase section */

/* Begin PBXSourcesBuildPhase section */
		DD9C606C2B3A363F00ABF151 /* Sources */ = {
			isa = PBXSourcesBuildPhase;
			buildActionMask = 2147483647;
			files = (
				DD9C607D2B3A371100ABF151 /* Shadertoy_ScreensaverView.swift in Sources */,
				DD9C60802B3A657600ABF151 /* Shadertoy_ScreensaverConfigSheet.swift in Sources */,
			);
			runOnlyForDeploymentPostprocessing = 0;
		};
/* End PBXSourcesBuildPhase section */

/* Begin XCBuildConfiguration section */
		DD9C60772B3A363F00ABF151 /* Debug */ = {
			isa = XCBuildConfiguration;
			buildSettings = {
				ALWAYS_SEARCH_USER_PATHS = NO;
				ASSETCATALOG_COMPILER_GENERATE_SWIFT_ASSET_SYMBOL_EXTENSIONS = YES;
				CLANG_ANALYZER_NONNULL = YES;
				CLANG_ANALYZER_NUMBER_OBJECT_CONVERSION = YES_AGGRESSIVE;
				CLANG_CXX_LANGUAGE_STANDARD = "gnu++20";
				CLANG_ENABLE_MODULES = YES;
				CLANG_ENABLE_OBJC_ARC = YES;
				CLANG_ENABLE_OBJC_WEAK = YES;
				CLANG_WARN_BLOCK_CAPTURE_AUTORELEASING = YES;
				CLANG_WARN_BOOL_CONVERSION = YES;
				CLANG_WARN_COMMA = YES;
				CLANG_WARN_CONSTANT_CONVERSION = YES;
				CLANG_WARN_DEPRECATED_OBJC_IMPLEMENTATIONS = NO;
				CLANG_WARN_DIRECT_OBJC_ISA_USAGE = YES_ERROR;
				CLANG_WARN_DOCUMENTATION_COMMENTS = YES;
				CLANG_WARN_EMPTY_BODY = YES;
				CLANG_WARN_ENUM_CONVERSION = YES;
				CLANG_WARN_INFINITE_RECURSION = YES;
				CLANG_WARN_INT_CONVERSION = YES;
				CLANG_WARN_NON_LITERAL_NULL_CONVERSION = YES;
				CLANG_WARN_OBJC_IMPLICIT_RETAIN_SELF = YES;
				CLANG_WARN_OBJC_LITERAL_CONVERSION = YES;
				CLANG_WARN_OBJC_ROOT_CLASS = YES_ERROR;
				CLANG_WARN_QUOTED_INCLUDE_IN_FRAMEWORK_HEADER = YES;
				CLANG_WARN_RANGE_LOOP_ANALYSIS = YES;
				CLANG_WARN_STRICT_PROTOTYPES = YES;
				CLANG_WARN_SUSPICIOUS_MOVE = YES;
				CLANG_WARN_UNGUARDED_AVAILABILITY = YES_AGGRESSIVE;
				CLANG_WARN_UNREACHABLE_CODE = YES;
				CLANG_WARN__DUPLICATE_METHOD_MATCH = YES;
				COPY_PHASE_STRIP = NO;
				DEBUG_INFORMATION_FORMAT = dwarf;
				ENABLE_STRICT_OBJC_MSGSEND = YES;
				ENABLE_TESTABILITY = YES;
				ENABLE_USER_SCRIPT_SANDBOXING = YES;
				GCC_C_LANGUAGE_STANDARD = gnu17;
				GCC_DYNAMIC_NO_PIC = NO;
				GCC_NO_COMMON_BLOCKS = YES;
				GCC_OPTIMIZATION_LEVEL = 0;
				GCC_PREPROCESSOR_DEFINITIONS = (
					"DEBUG=1",
					"$(inherited)",
				);
				GCC_WARN_64_TO_32_BIT_CONVERSION = YES;
				GCC_WARN_ABOUT_DEPRECATED_FUNCTIONS = NO;
				GCC_WARN_ABOUT_RETURN_TYPE = YES_ERROR;
				GCC_WARN_UNDECLARED_SELECTOR = YES;
				GCC_WARN_UNINITIALIZED_AUTOS = YES_AGGRESSIVE;
				GCC_WARN_UNUSED_FUNCTION = YES;
				GCC_WARN_UNUSED_VARIABLE = YES;
				LOCALIZATION_PREFERS_STRING_CATALOGS = YES;
				MACOSX_DEPLOYMENT_TARGET = 10.13;
				MTL_ENABLE_DEBUG_INFO = INCLUDE_SOURCE;
				MTL_FAST_MATH = YES;
				ONLY_ACTIVE_ARCH = YES;
				SDKROOT = macosx;
			};
			name = Debug;
		};
		DD9C60782B3A363F00ABF151 /* Release */ = {
			isa = XCBuildConfiguration;
			buildSettings = {
				ALWAYS_SEARCH_USER_PATHS = NO;
				ASSETCATALOG_COMPILER_GENERATE_SWIFT_ASSET_SYMBOL_EXTENSIONS = YES;
				CLANG_ANALYZER_NONNULL = YES;
				CLANG_ANALYZER_NUMBER_OBJECT_CONVERSION = YES_AGGRESSIVE;
				CLANG_CXX_LANGUAGE_STANDARD = "gnu++20";
				CLANG_ENABLE_MODULES = YES;
				CLANG_ENABLE_OBJC_ARC = YES;
				CLANG_ENABLE_OBJC_WEAK = YES;
				CLANG_WARN_BLOCK_CAPTURE_AUTORELEASING = YES;
				CLANG_WARN_BOOL_CONVERSION = YES;
				CLANG_WARN_COMMA = YES;
				CLANG_WARN_CONSTANT_CONVERSION = YES;
				CLANG_WARN_DEPRECATED_OBJC_IMPLEMENTATIONS = NO;
				CLANG_WARN_DIRECT_OBJC_ISA_USAGE = YES_ERROR;
				CLANG_WARN_DOCUMENTATION_COMMENTS = YES;
				CLANG_WARN_EMPTY_BODY = YES;
				CLANG_WARN_ENUM_CONVERSION = YES;
				CLANG_WARN_INFINITE_RECURSION = YES;
				CLANG_WARN_INT_CONVERSION = YES;
				CLANG_WARN_NON_LITERAL_NULL_CONVERSION = YES;
				CLANG_WARN_OBJC_IMPLICIT_RETAIN_SELF = YES;
				CLANG_WARN_OBJC_LITERAL_CONVERSION = YES;
				CLANG_WARN_OBJC_ROOT_CLASS = YES_ERROR;
				CLANG_WARN_QUOTED_INCLUDE_IN_FRAMEWORK_HEADER = YES;
				CLANG_WARN_RANGE_LOOP_ANALYSIS = YES;
				CLANG_WARN_STRICT_PROTOTYPES = YES;
				CLANG_WARN_SUSPICIOUS_MOVE = YES;
				CLANG_WARN_UNGUARDED_AVAILABILITY = YES_AGGRESSIVE;
				CLANG_WARN_UNREACHABLE_CODE = YES;
				CLANG_WARN__DUPLICATE_METHOD_MATCH = YES;
				COPY_PHASE_STRIP = NO;
				DEBUG_INFORMATION_FORMAT = "dwarf-with-dsym";
				ENABLE_NS_ASSERTIONS = NO;
				ENABLE_STRICT_OBJC_MSGSEND = YES;
				ENABLE_USER_SCRIPT_SANDBOXING = YES;
				GCC_C_LANGUAGE_STANDARD = gnu17;
				GCC_NO_COMMON_BLOCKS = YES;
				GCC_WARN_64_TO_32_BIT_CONVERSION = YES;
				GCC_WARN_ABOUT_DEPRECATED_FUNCTIONS = NO;
				GCC_WARN_ABOUT_RETURN_TYPE = YES_ERROR;
				GCC_WARN_UNDECLARED_SELECTOR = YES;
				GCC_WARN_UNINITIALIZED_AUTOS = YES_AGGRESSIVE;
				GCC_WARN_UNUSED_FUNCTION = YES;
				GCC_WARN_UNUSED_VARIABLE = YES;
				LOCALIZATION_PREFERS_STRING_CATALOGS = YES;
				MACOSX_DEPLOYMENT_TARGET = "$(RECOMMENDED_MACOSX_DEPLOYMENT_TARGET)";
				MTL_ENABLE_DEBUG_INFO = NO;
				MTL_FAST_MATH = YES;
				SDKROOT = macosx;
			};
			name = Release;
		};
		DD9C607A2B3A363F00ABF151 /* Debug */ = {
			isa = XCBuildConfiguration;
			buildSettings = {
				CLANG_ENABLE_MODULES = YES;
				CODE_SIGN_STYLE = Automatic;
				COMBINE_HIDPI_IMAGES = YES;
				CURRENT_PROJECT_VERSION = 1;
				GENERATE_INFOPLIST_FILE = YES;
				INFOPLIST_KEY_NSHumanReadableCopyright = "";
				INFOPLIST_KEY_NSPrincipalClass = Shadertoy_ScreensaverView;
				INSTALL_PATH = "$(HOME)/Library/Screen Savers";
				MACOSX_DEPLOYMENT_TARGET = 10.13;
				MARKETING_VERSION = 1.0;
				PRODUCT_BUNDLE_IDENTIFIER = "com.Shadertoy-Screensaver";
				PRODUCT_NAME = "$(TARGET_NAME)";
				SWIFT_EMIT_LOC_STRINGS = YES;
				SWIFT_OPTIMIZATION_LEVEL = "-Onone";
				SWIFT_VERSION = 5.0;
				WRAPPER_EXTENSION = saver;
			};
			name = Debug;
		};
		DD9C607B2B3A363F00ABF151 /* Release */ = {
			isa = XCBuildConfiguration;
			buildSettings = {
				CLANG_ENABLE_MODULES = YES;
				CODE_SIGN_STYLE = Automatic;
				COMBINE_HIDPI_IMAGES = YES;
				CURRENT_PROJECT_VERSION = 1;
				GENERATE_INFOPLIST_FILE = YES;
				INFOPLIST_KEY_NSHumanReadableCopyright = "";
				INFOPLIST_KEY_NSPrincipalClass = Shadertoy_ScreensaverView;
				INSTALL_PATH = "$(HOME)/Library/Screen Savers";
				MACOSX_DEPLOYMENT_TARGET = 10.13;
				MARKETING_VERSION = 1.0;
				PRODUCT_BUNDLE_IDENTIFIER = "com.Shadertoy-Screensaver";
				PRODUCT_NAME = "$(TARGET_NAME)";
				SWIFT_EMIT_LOC_STRINGS = YES;
				SWIFT_VERSION = 5.0;
				WRAPPER_EXTENSION = saver;
			};
			name = Release;
		};
/* End XCBuildConfiguration section */

/* Begin XCConfigurationList section */
		DD9C606A2B3A363F00ABF151 /* Build configuration list for PBXProject "Shadertoy-Screensaver" */ = {
			isa = XCConfigurationList;
			buildConfigurations = (
				DD9C60772B3A363F00ABF151 /* Debug */,
				DD9C60782B3A363F00ABF151 /* Release */,
			);
			defaultConfigurationIsVisible = 0;
			defaultConfigurationName = Release;
		};
		DD9C60792B3A363F00ABF151 /* Build configuration list for PBXNativeTarget "Shadertoy-Screensaver" */ = {
			isa = XCConfigurationList;
			buildConfigurations = (
				DD9C607A2B3A363F00ABF151 /* Debug */,
				DD9C607B2B3A363F00ABF151 /* Release */,
			);
			defaultConfigurationIsVisible = 0;
			defaultConfigurationName = Release;
		};
/* End XCConfigurationList section */
	};
	rootObject = DD9C60672B3A363F00ABF151 /* Project object */;
}
